// !$*UTF8*$!
{
	archiveVersion = 1;
	classes = {
	};
	objectVersion = 46;
	objects = {

/* Begin PBXBuildFile section */
		227DF2461B5E0BE600DC3D59 /* main.m in Sources */ = {isa = PBXBuildFile; fileRef = 227DF2451B5E0BE600DC3D59 /* main.m */; };
		227DF2491B5E0BE700DC3D59 /* AppDelegate.m in Sources */ = {isa = PBXBuildFile; fileRef = 227DF2481B5E0BE700DC3D59 /* AppDelegate.m */; };
		227DF24C1B5E0BE700DC3D59 /* ViewController.m in Sources */ = {isa = PBXBuildFile; fileRef = 227DF24B1B5E0BE700DC3D59 /* ViewController.m */; };
		227DF24F1B5E0BE700DC3D59 /* Main.storyboard in Resources */ = {isa = PBXBuildFile; fileRef = 227DF24D1B5E0BE700DC3D59 /* Main.storyboard */; };
		227DF2511B5E0BE700DC3D59 /* Images.xcassets in Resources */ = {isa = PBXBuildFile; fileRef = 227DF2501B5E0BE700DC3D59 /* Images.xcassets */; };
		227DF2541B5E0BE700DC3D59 /* LaunchScreen.xib in Resources */ = {isa = PBXBuildFile; fileRef = 227DF2521B5E0BE700DC3D59 /* LaunchScreen.xib */; };
		227DF2601B5E0BE700DC3D59 /* awesome_networkingTests.m in Sources */ = {isa = PBXBuildFile; fileRef = 227DF25F1B5E0BE700DC3D59 /* awesome_networkingTests.m */; };
		227E52651B6A1F30004A9696 /* ANRequestSerializer.m in Sources */ = {isa = PBXBuildFile; fileRef = 227E52641B6A1F30004A9696 /* ANRequestSerializer.m */; };
		227E52681B6A20CC004A9696 /* ANResponseSerializer.m in Sources */ = {isa = PBXBuildFile; fileRef = 227E52671B6A20CC004A9696 /* ANResponseSerializer.m */; };
		227E52AE1B6B021B004A9696 /* Any.pbobjc.m in Sources */ = {isa = PBXBuildFile; fileRef = 227E52701B6B021B004A9696 /* Any.pbobjc.m */; settings = {COMPILER_FLAGS = "-fno-objc-arc"; }; };
		227E52AF1B6B021B004A9696 /* Api.pbobjc.m in Sources */ = {isa = PBXBuildFile; fileRef = 227E52721B6B021B004A9696 /* Api.pbobjc.m */; settings = {COMPILER_FLAGS = "-fno-objc-arc"; }; };
		227E52B01B6B021B004A9696 /* Descriptor.pbobjc.m in Sources */ = {isa = PBXBuildFile; fileRef = 227E52741B6B021B004A9696 /* Descriptor.pbobjc.m */; settings = {COMPILER_FLAGS = "-fno-objc-arc"; }; };
		227E52B11B6B021B004A9696 /* Duration.pbobjc.m in Sources */ = {isa = PBXBuildFile; fileRef = 227E52761B6B021B004A9696 /* Duration.pbobjc.m */; settings = {COMPILER_FLAGS = "-fno-objc-arc"; }; };
		227E52B21B6B021B004A9696 /* Empty.pbobjc.m in Sources */ = {isa = PBXBuildFile; fileRef = 227E52781B6B021B004A9696 /* Empty.pbobjc.m */; settings = {COMPILER_FLAGS = "-fno-objc-arc"; }; };
		227E52B31B6B021B004A9696 /* FieldMask.pbobjc.m in Sources */ = {isa = PBXBuildFile; fileRef = 227E527A1B6B021B004A9696 /* FieldMask.pbobjc.m */; settings = {COMPILER_FLAGS = "-fno-objc-arc"; }; };
		227E52B41B6B021B004A9696 /* SourceContext.pbobjc.m in Sources */ = {isa = PBXBuildFile; fileRef = 227E527C1B6B021B004A9696 /* SourceContext.pbobjc.m */; settings = {COMPILER_FLAGS = "-fno-objc-arc"; }; };
		227E52B51B6B021B004A9696 /* Struct.pbobjc.m in Sources */ = {isa = PBXBuildFile; fileRef = 227E527E1B6B021B004A9696 /* Struct.pbobjc.m */; settings = {COMPILER_FLAGS = "-fno-objc-arc"; }; };
		227E52B61B6B021B004A9696 /* Timestamp.pbobjc.m in Sources */ = {isa = PBXBuildFile; fileRef = 227E52801B6B021B004A9696 /* Timestamp.pbobjc.m */; settings = {COMPILER_FLAGS = "-fno-objc-arc"; }; };
		227E52B71B6B021B004A9696 /* Type.pbobjc.m in Sources */ = {isa = PBXBuildFile; fileRef = 227E52821B6B021B004A9696 /* Type.pbobjc.m */; settings = {COMPILER_FLAGS = "-fno-objc-arc"; }; };
		227E52B81B6B021B004A9696 /* Wrappers.pbobjc.m in Sources */ = {isa = PBXBuildFile; fileRef = 227E52841B6B021B004A9696 /* Wrappers.pbobjc.m */; settings = {COMPILER_FLAGS = "-fno-objc-arc"; }; };
		227E52B91B6B021B004A9696 /* GPBArray.m in Sources */ = {isa = PBXBuildFile; fileRef = 227E52871B6B021B004A9696 /* GPBArray.m */; settings = {COMPILER_FLAGS = "-fno-objc-arc"; }; };
		227E52BA1B6B021B004A9696 /* GPBCodedInputStream.m in Sources */ = {isa = PBXBuildFile; fileRef = 227E528B1B6B021B004A9696 /* GPBCodedInputStream.m */; settings = {COMPILER_FLAGS = "-fno-objc-arc"; }; };
		227E52BB1B6B021B004A9696 /* GPBCodedOutputStream.m in Sources */ = {isa = PBXBuildFile; fileRef = 227E528D1B6B021B004A9696 /* GPBCodedOutputStream.m */; settings = {COMPILER_FLAGS = "-fno-objc-arc"; }; };
		227E52BC1B6B021B004A9696 /* GPBDescriptor.m in Sources */ = {isa = PBXBuildFile; fileRef = 227E52901B6B021B004A9696 /* GPBDescriptor.m */; settings = {COMPILER_FLAGS = "-fno-objc-arc"; }; };
		227E52BD1B6B021B004A9696 /* GPBDictionary.m in Sources */ = {isa = PBXBuildFile; fileRef = 227E52931B6B021B004A9696 /* GPBDictionary.m */; settings = {COMPILER_FLAGS = "-fno-objc-arc"; }; };
		227E52BE1B6B021B004A9696 /* GPBExtensionInternals.m in Sources */ = {isa = PBXBuildFile; fileRef = 227E52951B6B021B004A9696 /* GPBExtensionInternals.m */; settings = {COMPILER_FLAGS = "-fno-objc-arc"; }; };
		227E52BF1B6B021B004A9696 /* GPBExtensionRegistry.m in Sources */ = {isa = PBXBuildFile; fileRef = 227E52971B6B021B004A9696 /* GPBExtensionRegistry.m */; settings = {COMPILER_FLAGS = "-fno-objc-arc"; }; };
		227E52C01B6B021B004A9696 /* GPBMessage.m in Sources */ = {isa = PBXBuildFile; fileRef = 227E529A1B6B021B004A9696 /* GPBMessage.m */; settings = {COMPILER_FLAGS = "-fno-objc-arc"; }; };
		227E52C11B6B021B004A9696 /* GPBRootObject.m in Sources */ = {isa = PBXBuildFile; fileRef = 227E529F1B6B021B004A9696 /* GPBRootObject.m */; settings = {COMPILER_FLAGS = "-fno-objc-arc"; }; };
		227E52C21B6B021B004A9696 /* GPBUnknownField.m in Sources */ = {isa = PBXBuildFile; fileRef = 227E52A31B6B021B004A9696 /* GPBUnknownField.m */; settings = {COMPILER_FLAGS = "-fno-objc-arc"; }; };
		227E52C31B6B021B004A9696 /* GPBUnknownFieldSet.m in Sources */ = {isa = PBXBuildFile; fileRef = 227E52A61B6B021B004A9696 /* GPBUnknownFieldSet.m */; settings = {COMPILER_FLAGS = "-fno-objc-arc"; }; };
		227E52C41B6B021B004A9696 /* GPBUtilities.m in Sources */ = {isa = PBXBuildFile; fileRef = 227E52A91B6B021B004A9696 /* GPBUtilities.m */; settings = {COMPILER_FLAGS = "-fno-objc-arc"; }; };
		227E52C51B6B021B004A9696 /* GPBWellKnownTypes.m in Sources */ = {isa = PBXBuildFile; fileRef = 227E52AB1B6B021B004A9696 /* GPBWellKnownTypes.m */; settings = {COMPILER_FLAGS = "-fno-objc-arc"; }; };
		227E52C61B6B021B004A9696 /* GPBWireFormat.m in Sources */ = {isa = PBXBuildFile; fileRef = 227E52AD1B6B021B004A9696 /* GPBWireFormat.m */; settings = {COMPILER_FLAGS = "-fno-objc-arc"; }; };
		227E52D31B6BD43C004A9696 /* ANTest.proto in Resources */ = {isa = PBXBuildFile; fileRef = 227E52D21B6BD43C004A9696 /* ANTest.proto */; };
		227E52D61B6BD485004A9696 /* Antest.pbobjc.m in Sources */ = {isa = PBXBuildFile; fileRef = 227E52D51B6BD485004A9696 /* Antest.pbobjc.m */; settings = {COMPILER_FLAGS = "-fno-objc-arc"; }; };
		229AD8201B5E427B00EDF5FE /* ANManager.m in Sources */ = {isa = PBXBuildFile; fileRef = 229AD81F1B5E427B00EDF5FE /* ANManager.m */; };
		229AD8231B5E42A800EDF5FE /* ANRequest.m in Sources */ = {isa = PBXBuildFile; fileRef = 229AD8221B5E42A800EDF5FE /* ANRequest.m */; };
		229AD8271B5E430800EDF5FE /* ANOperation.m in Sources */ = {isa = PBXBuildFile; fileRef = 229AD8261B5E430800EDF5FE /* ANOperation.m */; };
		229AD82A1B5E9A0A00EDF5FE /* ANOperationQueue.m in Sources */ = {isa = PBXBuildFile; fileRef = 229AD8291B5E9A0A00EDF5FE /* ANOperationQueue.m */; };
		229AD8301B63359600EDF5FE /* ANManager+test.m in Sources */ = {isa = PBXBuildFile; fileRef = 229AD82F1B63359500EDF5FE /* ANManager+test.m */; };
/* End PBXBuildFile section */

/* Begin PBXContainerItemProxy section */
		227DF25A1B5E0BE700DC3D59 /* PBXContainerItemProxy */ = {
			isa = PBXContainerItemProxy;
			containerPortal = 227DF2381B5E0BE600DC3D59 /* Project object */;
			proxyType = 1;
			remoteGlobalIDString = 227DF23F1B5E0BE600DC3D59;
			remoteInfo = "awesome-networking";
		};
/* End PBXContainerItemProxy section */

/* Begin PBXFileReference section */
		0D4DE76D830506C0833690E8 /* Pods-awesome-networking.debug.xcconfig */ = {isa = PBXFileReference; includeInIndex = 1; lastKnownFileType = text.xcconfig; name = "Pods-awesome-networking.debug.xcconfig"; path = "Pods/Target Support Files/Pods-awesome-networking/Pods-awesome-networking.debug.xcconfig"; sourceTree = "<group>"; };
		0DD646154174C53ECAE8C5DF /* Pods-awesome-networking.release.xcconfig */ = {isa = PBXFileReference; includeInIndex = 1; lastKnownFileType = text.xcconfig; name = "Pods-awesome-networking.release.xcconfig"; path = "Pods/Target Support Files/Pods-awesome-networking/Pods-awesome-networking.release.xcconfig"; sourceTree = "<group>"; };
		227DF2401B5E0BE600DC3D59 /* awesome-networking.app */ = {isa = PBXFileReference; explicitFileType = wrapper.application; includeInIndex = 0; path = "awesome-networking.app"; sourceTree = BUILT_PRODUCTS_DIR; };
		227DF2441B5E0BE600DC3D59 /* Info.plist */ = {isa = PBXFileReference; lastKnownFileType = text.plist.xml; path = Info.plist; sourceTree = "<group>"; };
		227DF2451B5E0BE600DC3D59 /* main.m */ = {isa = PBXFileReference; lastKnownFileType = sourcecode.c.objc; path = main.m; sourceTree = "<group>"; };
		227DF2471B5E0BE600DC3D59 /* AppDelegate.h */ = {isa = PBXFileReference; lastKnownFileType = sourcecode.c.h; path = AppDelegate.h; sourceTree = "<group>"; };
		227DF2481B5E0BE700DC3D59 /* AppDelegate.m */ = {isa = PBXFileReference; lastKnownFileType = sourcecode.c.objc; path = AppDelegate.m; sourceTree = "<group>"; };
		227DF24A1B5E0BE700DC3D59 /* ViewController.h */ = {isa = PBXFileReference; lastKnownFileType = sourcecode.c.h; path = ViewController.h; sourceTree = "<group>"; };
		227DF24B1B5E0BE700DC3D59 /* ViewController.m */ = {isa = PBXFileReference; lastKnownFileType = sourcecode.c.objc; path = ViewController.m; sourceTree = "<group>"; };
		227DF24E1B5E0BE700DC3D59 /* Base */ = {isa = PBXFileReference; lastKnownFileType = file.storyboard; name = Base; path = Base.lproj/Main.storyboard; sourceTree = "<group>"; };
		227DF2501B5E0BE700DC3D59 /* Images.xcassets */ = {isa = PBXFileReference; lastKnownFileType = folder.assetcatalog; path = Images.xcassets; sourceTree = "<group>"; };
		227DF2531B5E0BE700DC3D59 /* Base */ = {isa = PBXFileReference; lastKnownFileType = file.xib; name = Base; path = Base.lproj/LaunchScreen.xib; sourceTree = "<group>"; };
		227DF2591B5E0BE700DC3D59 /* awesome-networkingTests.xctest */ = {isa = PBXFileReference; explicitFileType = wrapper.cfbundle; includeInIndex = 0; path = "awesome-networkingTests.xctest"; sourceTree = BUILT_PRODUCTS_DIR; };
		227DF25E1B5E0BE700DC3D59 /* Info.plist */ = {isa = PBXFileReference; lastKnownFileType = text.plist.xml; path = Info.plist; sourceTree = "<group>"; };
		227DF25F1B5E0BE700DC3D59 /* awesome_networkingTests.m */ = {isa = PBXFileReference; lastKnownFileType = sourcecode.c.objc; path = awesome_networkingTests.m; sourceTree = "<group>"; };
		227E52631B6A1F30004A9696 /* ANRequestSerializer.h */ = {isa = PBXFileReference; fileEncoding = 4; lastKnownFileType = sourcecode.c.h; path = ANRequestSerializer.h; sourceTree = "<group>"; };
		227E52641B6A1F30004A9696 /* ANRequestSerializer.m */ = {isa = PBXFileReference; fileEncoding = 4; lastKnownFileType = sourcecode.c.objc; path = ANRequestSerializer.m; sourceTree = "<group>"; };
		227E52661B6A20CC004A9696 /* ANResponseSerializer.h */ = {isa = PBXFileReference; fileEncoding = 4; lastKnownFileType = sourcecode.c.h; path = ANResponseSerializer.h; sourceTree = "<group>"; };
		227E52671B6A20CC004A9696 /* ANResponseSerializer.m */ = {isa = PBXFileReference; fileEncoding = 4; lastKnownFileType = sourcecode.c.objc; path = ANResponseSerializer.m; sourceTree = "<group>"; };
		227E526F1B6B021B004A9696 /* Any.pbobjc.h */ = {isa = PBXFileReference; fileEncoding = 4; lastKnownFileType = sourcecode.c.h; path = Any.pbobjc.h; sourceTree = "<group>"; };
		227E52701B6B021B004A9696 /* Any.pbobjc.m */ = {isa = PBXFileReference; fileEncoding = 4; lastKnownFileType = sourcecode.c.objc; path = Any.pbobjc.m; sourceTree = "<group>"; };
		227E52711B6B021B004A9696 /* Api.pbobjc.h */ = {isa = PBXFileReference; fileEncoding = 4; lastKnownFileType = sourcecode.c.h; path = Api.pbobjc.h; sourceTree = "<group>"; };
		227E52721B6B021B004A9696 /* Api.pbobjc.m */ = {isa = PBXFileReference; fileEncoding = 4; lastKnownFileType = sourcecode.c.objc; path = Api.pbobjc.m; sourceTree = "<group>"; };
		227E52731B6B021B004A9696 /* Descriptor.pbobjc.h */ = {isa = PBXFileReference; fileEncoding = 4; lastKnownFileType = sourcecode.c.h; path = Descriptor.pbobjc.h; sourceTree = "<group>"; };
		227E52741B6B021B004A9696 /* Descriptor.pbobjc.m */ = {isa = PBXFileReference; fileEncoding = 4; lastKnownFileType = sourcecode.c.objc; path = Descriptor.pbobjc.m; sourceTree = "<group>"; };
		227E52751B6B021B004A9696 /* Duration.pbobjc.h */ = {isa = PBXFileReference; fileEncoding = 4; lastKnownFileType = sourcecode.c.h; path = Duration.pbobjc.h; sourceTree = "<group>"; };
		227E52761B6B021B004A9696 /* Duration.pbobjc.m */ = {isa = PBXFileReference; fileEncoding = 4; lastKnownFileType = sourcecode.c.objc; path = Duration.pbobjc.m; sourceTree = "<group>"; };
		227E52771B6B021B004A9696 /* Empty.pbobjc.h */ = {isa = PBXFileReference; fileEncoding = 4; lastKnownFileType = sourcecode.c.h; path = Empty.pbobjc.h; sourceTree = "<group>"; };
		227E52781B6B021B004A9696 /* Empty.pbobjc.m */ = {isa = PBXFileReference; fileEncoding = 4; lastKnownFileType = sourcecode.c.objc; path = Empty.pbobjc.m; sourceTree = "<group>"; };
		227E52791B6B021B004A9696 /* FieldMask.pbobjc.h */ = {isa = PBXFileReference; fileEncoding = 4; lastKnownFileType = sourcecode.c.h; path = FieldMask.pbobjc.h; sourceTree = "<group>"; };
		227E527A1B6B021B004A9696 /* FieldMask.pbobjc.m */ = {isa = PBXFileReference; fileEncoding = 4; lastKnownFileType = sourcecode.c.objc; path = FieldMask.pbobjc.m; sourceTree = "<group>"; };
		227E527B1B6B021B004A9696 /* SourceContext.pbobjc.h */ = {isa = PBXFileReference; fileEncoding = 4; lastKnownFileType = sourcecode.c.h; path = SourceContext.pbobjc.h; sourceTree = "<group>"; };
		227E527C1B6B021B004A9696 /* SourceContext.pbobjc.m */ = {isa = PBXFileReference; fileEncoding = 4; lastKnownFileType = sourcecode.c.objc; path = SourceContext.pbobjc.m; sourceTree = "<group>"; };
		227E527D1B6B021B004A9696 /* Struct.pbobjc.h */ = {isa = PBXFileReference; fileEncoding = 4; lastKnownFileType = sourcecode.c.h; path = Struct.pbobjc.h; sourceTree = "<group>"; };
		227E527E1B6B021B004A9696 /* Struct.pbobjc.m */ = {isa = PBXFileReference; fileEncoding = 4; lastKnownFileType = sourcecode.c.objc; path = Struct.pbobjc.m; sourceTree = "<group>"; };
		227E527F1B6B021B004A9696 /* Timestamp.pbobjc.h */ = {isa = PBXFileReference; fileEncoding = 4; lastKnownFileType = sourcecode.c.h; path = Timestamp.pbobjc.h; sourceTree = "<group>"; };
		227E52801B6B021B004A9696 /* Timestamp.pbobjc.m */ = {isa = PBXFileReference; fileEncoding = 4; lastKnownFileType = sourcecode.c.objc; path = Timestamp.pbobjc.m; sourceTree = "<group>"; };
		227E52811B6B021B004A9696 /* Type.pbobjc.h */ = {isa = PBXFileReference; fileEncoding = 4; lastKnownFileType = sourcecode.c.h; path = Type.pbobjc.h; sourceTree = "<group>"; };
		227E52821B6B021B004A9696 /* Type.pbobjc.m */ = {isa = PBXFileReference; fileEncoding = 4; lastKnownFileType = sourcecode.c.objc; path = Type.pbobjc.m; sourceTree = "<group>"; };
		227E52831B6B021B004A9696 /* Wrappers.pbobjc.h */ = {isa = PBXFileReference; fileEncoding = 4; lastKnownFileType = sourcecode.c.h; path = Wrappers.pbobjc.h; sourceTree = "<group>"; };
		227E52841B6B021B004A9696 /* Wrappers.pbobjc.m */ = {isa = PBXFileReference; fileEncoding = 4; lastKnownFileType = sourcecode.c.objc; path = Wrappers.pbobjc.m; sourceTree = "<group>"; };
		227E52851B6B021B004A9696 /* GPBArray_PackagePrivate.h */ = {isa = PBXFileReference; fileEncoding = 4; lastKnownFileType = sourcecode.c.h; path = GPBArray_PackagePrivate.h; sourceTree = "<group>"; };
		227E52861B6B021B004A9696 /* GPBArray.h */ = {isa = PBXFileReference; fileEncoding = 4; lastKnownFileType = sourcecode.c.h; path = GPBArray.h; sourceTree = "<group>"; };
		227E52871B6B021B004A9696 /* GPBArray.m */ = {isa = PBXFileReference; fileEncoding = 4; lastKnownFileType = sourcecode.c.objc; path = GPBArray.m; sourceTree = "<group>"; };
		227E52881B6B021B004A9696 /* GPBBootstrap.h */ = {isa = PBXFileReference; fileEncoding = 4; lastKnownFileType = sourcecode.c.h; path = GPBBootstrap.h; sourceTree = "<group>"; };
		227E52891B6B021B004A9696 /* GPBCodedInputStream_PackagePrivate.h */ = {isa = PBXFileReference; fileEncoding = 4; lastKnownFileType = sourcecode.c.h; path = GPBCodedInputStream_PackagePrivate.h; sourceTree = "<group>"; };
		227E528A1B6B021B004A9696 /* GPBCodedInputStream.h */ = {isa = PBXFileReference; fileEncoding = 4; lastKnownFileType = sourcecode.c.h; path = GPBCodedInputStream.h; sourceTree = "<group>"; };
		227E528B1B6B021B004A9696 /* GPBCodedInputStream.m */ = {isa = PBXFileReference; fileEncoding = 4; lastKnownFileType = sourcecode.c.objc; path = GPBCodedInputStream.m; sourceTree = "<group>"; };
		227E528C1B6B021B004A9696 /* GPBCodedOutputStream.h */ = {isa = PBXFileReference; fileEncoding = 4; lastKnownFileType = sourcecode.c.h; path = GPBCodedOutputStream.h; sourceTree = "<group>"; };
		227E528D1B6B021B004A9696 /* GPBCodedOutputStream.m */ = {isa = PBXFileReference; fileEncoding = 4; lastKnownFileType = sourcecode.c.objc; path = GPBCodedOutputStream.m; sourceTree = "<group>"; };
		227E528E1B6B021B004A9696 /* GPBDescriptor_PackagePrivate.h */ = {isa = PBXFileReference; fileEncoding = 4; lastKnownFileType = sourcecode.c.h; path = GPBDescriptor_PackagePrivate.h; sourceTree = "<group>"; };
		227E528F1B6B021B004A9696 /* GPBDescriptor.h */ = {isa = PBXFileReference; fileEncoding = 4; lastKnownFileType = sourcecode.c.h; path = GPBDescriptor.h; sourceTree = "<group>"; };
		227E52901B6B021B004A9696 /* GPBDescriptor.m */ = {isa = PBXFileReference; fileEncoding = 4; lastKnownFileType = sourcecode.c.objc; path = GPBDescriptor.m; sourceTree = "<group>"; };
		227E52911B6B021B004A9696 /* GPBDictionary_PackagePrivate.h */ = {isa = PBXFileReference; fileEncoding = 4; lastKnownFileType = sourcecode.c.h; path = GPBDictionary_PackagePrivate.h; sourceTree = "<group>"; };
		227E52921B6B021B004A9696 /* GPBDictionary.h */ = {isa = PBXFileReference; fileEncoding = 4; lastKnownFileType = sourcecode.c.h; path = GPBDictionary.h; sourceTree = "<group>"; };
		227E52931B6B021B004A9696 /* GPBDictionary.m */ = {isa = PBXFileReference; fileEncoding = 4; lastKnownFileType = sourcecode.c.objc; path = GPBDictionary.m; sourceTree = "<group>"; };
		227E52941B6B021B004A9696 /* GPBExtensionInternals.h */ = {isa = PBXFileReference; fileEncoding = 4; lastKnownFileType = sourcecode.c.h; path = GPBExtensionInternals.h; sourceTree = "<group>"; };
		227E52951B6B021B004A9696 /* GPBExtensionInternals.m */ = {isa = PBXFileReference; fileEncoding = 4; lastKnownFileType = sourcecode.c.objc; path = GPBExtensionInternals.m; sourceTree = "<group>"; };
		227E52961B6B021B004A9696 /* GPBExtensionRegistry.h */ = {isa = PBXFileReference; fileEncoding = 4; lastKnownFileType = sourcecode.c.h; path = GPBExtensionRegistry.h; sourceTree = "<group>"; };
		227E52971B6B021B004A9696 /* GPBExtensionRegistry.m */ = {isa = PBXFileReference; fileEncoding = 4; lastKnownFileType = sourcecode.c.objc; path = GPBExtensionRegistry.m; sourceTree = "<group>"; };
		227E52981B6B021B004A9696 /* GPBMessage_PackagePrivate.h */ = {isa = PBXFileReference; fileEncoding = 4; lastKnownFileType = sourcecode.c.h; path = GPBMessage_PackagePrivate.h; sourceTree = "<group>"; };
		227E52991B6B021B004A9696 /* GPBMessage.h */ = {isa = PBXFileReference; fileEncoding = 4; lastKnownFileType = sourcecode.c.h; path = GPBMessage.h; sourceTree = "<group>"; };
		227E529A1B6B021B004A9696 /* GPBMessage.m */ = {isa = PBXFileReference; fileEncoding = 4; lastKnownFileType = sourcecode.c.objc; path = GPBMessage.m; sourceTree = "<group>"; };
		227E529B1B6B021B004A9696 /* GPBProtocolBuffers_RuntimeSupport.h */ = {isa = PBXFileReference; fileEncoding = 4; lastKnownFileType = sourcecode.c.h; path = GPBProtocolBuffers_RuntimeSupport.h; sourceTree = "<group>"; };
		227E529C1B6B021B004A9696 /* GPBProtocolBuffers.h */ = {isa = PBXFileReference; fileEncoding = 4; lastKnownFileType = sourcecode.c.h; path = GPBProtocolBuffers.h; sourceTree = "<group>"; };
		227E529D1B6B021B004A9696 /* GPBRootObject_PackagePrivate.h */ = {isa = PBXFileReference; fileEncoding = 4; lastKnownFileType = sourcecode.c.h; path = GPBRootObject_PackagePrivate.h; sourceTree = "<group>"; };
		227E529E1B6B021B004A9696 /* GPBRootObject.h */ = {isa = PBXFileReference; fileEncoding = 4; lastKnownFileType = sourcecode.c.h; path = GPBRootObject.h; sourceTree = "<group>"; };
		227E529F1B6B021B004A9696 /* GPBRootObject.m */ = {isa = PBXFileReference; fileEncoding = 4; lastKnownFileType = sourcecode.c.objc; path = GPBRootObject.m; sourceTree = "<group>"; };
		227E52A01B6B021B004A9696 /* GPBRuntimeTypes.h */ = {isa = PBXFileReference; fileEncoding = 4; lastKnownFileType = sourcecode.c.h; path = GPBRuntimeTypes.h; sourceTree = "<group>"; };
		227E52A11B6B021B004A9696 /* GPBUnknownField_PackagePrivate.h */ = {isa = PBXFileReference; fileEncoding = 4; lastKnownFileType = sourcecode.c.h; path = GPBUnknownField_PackagePrivate.h; sourceTree = "<group>"; };
		227E52A21B6B021B004A9696 /* GPBUnknownField.h */ = {isa = PBXFileReference; fileEncoding = 4; lastKnownFileType = sourcecode.c.h; path = GPBUnknownField.h; sourceTree = "<group>"; };
		227E52A31B6B021B004A9696 /* GPBUnknownField.m */ = {isa = PBXFileReference; fileEncoding = 4; lastKnownFileType = sourcecode.c.objc; path = GPBUnknownField.m; sourceTree = "<group>"; };
		227E52A41B6B021B004A9696 /* GPBUnknownFieldSet_PackagePrivate.h */ = {isa = PBXFileReference; fileEncoding = 4; lastKnownFileType = sourcecode.c.h; path = GPBUnknownFieldSet_PackagePrivate.h; sourceTree = "<group>"; };
		227E52A51B6B021B004A9696 /* GPBUnknownFieldSet.h */ = {isa = PBXFileReference; fileEncoding = 4; lastKnownFileType = sourcecode.c.h; path = GPBUnknownFieldSet.h; sourceTree = "<group>"; };
		227E52A61B6B021B004A9696 /* GPBUnknownFieldSet.m */ = {isa = PBXFileReference; fileEncoding = 4; lastKnownFileType = sourcecode.c.objc; path = GPBUnknownFieldSet.m; sourceTree = "<group>"; };
		227E52A71B6B021B004A9696 /* GPBUtilities_PackagePrivate.h */ = {isa = PBXFileReference; fileEncoding = 4; lastKnownFileType = sourcecode.c.h; path = GPBUtilities_PackagePrivate.h; sourceTree = "<group>"; };
		227E52A81B6B021B004A9696 /* GPBUtilities.h */ = {isa = PBXFileReference; fileEncoding = 4; lastKnownFileType = sourcecode.c.h; path = GPBUtilities.h; sourceTree = "<group>"; };
		227E52A91B6B021B004A9696 /* GPBUtilities.m */ = {isa = PBXFileReference; fileEncoding = 4; lastKnownFileType = sourcecode.c.objc; path = GPBUtilities.m; sourceTree = "<group>"; };
		227E52AA1B6B021B004A9696 /* GPBWellKnownTypes.h */ = {isa = PBXFileReference; fileEncoding = 4; lastKnownFileType = sourcecode.c.h; path = GPBWellKnownTypes.h; sourceTree = "<group>"; };
		227E52AB1B6B021B004A9696 /* GPBWellKnownTypes.m */ = {isa = PBXFileReference; fileEncoding = 4; lastKnownFileType = sourcecode.c.objc; path = GPBWellKnownTypes.m; sourceTree = "<group>"; };
		227E52AC1B6B021B004A9696 /* GPBWireFormat.h */ = {isa = PBXFileReference; fileEncoding = 4; lastKnownFileType = sourcecode.c.h; path = GPBWireFormat.h; sourceTree = "<group>"; };
		227E52AD1B6B021B004A9696 /* GPBWireFormat.m */ = {isa = PBXFileReference; fileEncoding = 4; lastKnownFileType = sourcecode.c.objc; path = GPBWireFormat.m; sourceTree = "<group>"; };
		227E52D21B6BD43C004A9696 /* ANTest.proto */ = {isa = PBXFileReference; fileEncoding = 4; lastKnownFileType = text; path = ANTest.proto; sourceTree = "<group>"; };
		227E52D41B6BD485004A9696 /* Antest.pbobjc.h */ = {isa = PBXFileReference; fileEncoding = 4; lastKnownFileType = sourcecode.c.h; path = Antest.pbobjc.h; sourceTree = "<group>"; };
		227E52D51B6BD485004A9696 /* Antest.pbobjc.m */ = {isa = PBXFileReference; fileEncoding = 4; lastKnownFileType = sourcecode.c.objc; path = Antest.pbobjc.m; sourceTree = "<group>"; };
		229AD81E1B5E427B00EDF5FE /* ANManager.h */ = {isa = PBXFileReference; fileEncoding = 4; lastKnownFileType = sourcecode.c.h; path = ANManager.h; sourceTree = "<group>"; };
		229AD81F1B5E427B00EDF5FE /* ANManager.m */ = {isa = PBXFileReference; fileEncoding = 4; lastKnownFileType = sourcecode.c.objc; path = ANManager.m; sourceTree = "<group>"; };
		229AD8211B5E42A800EDF5FE /* ANRequest.h */ = {isa = PBXFileReference; fileEncoding = 4; lastKnownFileType = sourcecode.c.h; path = ANRequest.h; sourceTree = "<group>"; };
		229AD8221B5E42A800EDF5FE /* ANRequest.m */ = {isa = PBXFileReference; fileEncoding = 4; lastKnownFileType = sourcecode.c.objc; path = ANRequest.m; sourceTree = "<group>"; };
		229AD8241B5E42BF00EDF5FE /* ANHeader.h */ = {isa = PBXFileReference; fileEncoding = 4; lastKnownFileType = sourcecode.c.h; path = ANHeader.h; sourceTree = "<group>"; };
		229AD8251B5E430800EDF5FE /* ANOperation.h */ = {isa = PBXFileReference; fileEncoding = 4; lastKnownFileType = sourcecode.c.h; path = ANOperation.h; sourceTree = "<group>"; };
		229AD8261B5E430800EDF5FE /* ANOperation.m */ = {isa = PBXFileReference; fileEncoding = 4; lastKnownFileType = sourcecode.c.objc; path = ANOperation.m; sourceTree = "<group>"; };
		229AD8281B5E9A0A00EDF5FE /* ANOperationQueue.h */ = {isa = PBXFileReference; fileEncoding = 4; lastKnownFileType = sourcecode.c.h; path = ANOperationQueue.h; sourceTree = "<group>"; };
		229AD8291B5E9A0A00EDF5FE /* ANOperationQueue.m */ = {isa = PBXFileReference; fileEncoding = 4; lastKnownFileType = sourcecode.c.objc; path = ANOperationQueue.m; sourceTree = "<group>"; };
		229AD82E1B63359500EDF5FE /* ANManager+test.h */ = {isa = PBXFileReference; fileEncoding = 4; lastKnownFileType = sourcecode.c.h; path = "ANManager+test.h"; sourceTree = "<group>"; };
		229AD82F1B63359500EDF5FE /* ANManager+test.m */ = {isa = PBXFileReference; fileEncoding = 4; lastKnownFileType = sourcecode.c.objc; path = "ANManager+test.m"; sourceTree = "<group>"; };
		B66BC46537D32016A698506B /* libPods-awesome-networking.a */ = {isa = PBXFileReference; explicitFileType = archive.ar; includeInIndex = 0; path = "libPods-awesome-networking.a"; sourceTree = BUILT_PRODUCTS_DIR; };
/* End PBXFileReference section */

/* Begin PBXFrameworksBuildPhase section */
		227DF23D1B5E0BE600DC3D59 /* Frameworks */ = {
			isa = PBXFrameworksBuildPhase;
			buildActionMask = 2147483647;
			files = (
			);
			runOnlyForDeploymentPostprocessing = 0;
		};
		227DF2561B5E0BE700DC3D59 /* Frameworks */ = {
			isa = PBXFrameworksBuildPhase;
			buildActionMask = 2147483647;
			files = (
			);
			runOnlyForDeploymentPostprocessing = 0;
		};
/* End PBXFrameworksBuildPhase section */

/* Begin PBXGroup section */
		227DF2371B5E0BE600DC3D59 = {
			isa = PBXGroup;
			children = (
				227DF2421B5E0BE600DC3D59 /* awesome-networking */,
				227DF25C1B5E0BE700DC3D59 /* awesome-networkingTests */,
				227DF2411B5E0BE600DC3D59 /* Products */,
				606AF118850BDF187FCDD246 /* Pods */,
				D189949ECD88D8104AE22FA2 /* Frameworks */,
			);
			sourceTree = "<group>";
		};
		227DF2411B5E0BE600DC3D59 /* Products */ = {
			isa = PBXGroup;
			children = (
				227DF2401B5E0BE600DC3D59 /* awesome-networking.app */,
				227DF2591B5E0BE700DC3D59 /* awesome-networkingTests.xctest */,
			);
			name = Products;
			sourceTree = "<group>";
		};
		227DF2421B5E0BE600DC3D59 /* awesome-networking */ = {
			isa = PBXGroup;
			children = (
				227E526C1B6B01D5004A9696 /* protobuf */,
				229AD81D1B5E41FF00EDF5FE /* awesome-networking */,
				227DF2471B5E0BE600DC3D59 /* AppDelegate.h */,
				227DF2481B5E0BE700DC3D59 /* AppDelegate.m */,
				227DF24A1B5E0BE700DC3D59 /* ViewController.h */,
				227DF24B1B5E0BE700DC3D59 /* ViewController.m */,
				227DF24D1B5E0BE700DC3D59 /* Main.storyboard */,
				227DF2501B5E0BE700DC3D59 /* Images.xcassets */,
				227DF2521B5E0BE700DC3D59 /* LaunchScreen.xib */,
				227DF2431B5E0BE600DC3D59 /* Supporting Files */,
			);
			path = "awesome-networking";
			sourceTree = "<group>";
		};
		227DF2431B5E0BE600DC3D59 /* Supporting Files */ = {
			isa = PBXGroup;
			children = (
				227DF2441B5E0BE600DC3D59 /* Info.plist */,
				227DF2451B5E0BE600DC3D59 /* main.m */,
			);
			name = "Supporting Files";
			sourceTree = "<group>";
		};
		227DF25C1B5E0BE700DC3D59 /* awesome-networkingTests */ = {
			isa = PBXGroup;
			children = (
				227DF25F1B5E0BE700DC3D59 /* awesome_networkingTests.m */,
				227DF25D1B5E0BE700DC3D59 /* Supporting Files */,
			);
			path = "awesome-networkingTests";
			sourceTree = "<group>";
		};
		227DF25D1B5E0BE700DC3D59 /* Supporting Files */ = {
			isa = PBXGroup;
			children = (
				227DF25E1B5E0BE700DC3D59 /* Info.plist */,
			);
			name = "Supporting Files";
			sourceTree = "<group>";
		};
		227E52691B6A21BD004A9696 /* CustomCategory */ = {
			isa = PBXGroup;
			children = (
				229AD82E1B63359500EDF5FE /* ANManager+test.h */,
				229AD82F1B63359500EDF5FE /* ANManager+test.m */,
			);
			name = CustomCategory;
			sourceTree = "<group>";
		};
		227E526A1B6A21D2004A9696 /* Connection */ = {
			isa = PBXGroup;
			children = (
				229AD81E1B5E427B00EDF5FE /* ANManager.h */,
				229AD81F1B5E427B00EDF5FE /* ANManager.m */,
				229AD8211B5E42A800EDF5FE /* ANRequest.h */,
				229AD8221B5E42A800EDF5FE /* ANRequest.m */,
				229AD8251B5E430800EDF5FE /* ANOperation.h */,
				229AD8261B5E430800EDF5FE /* ANOperation.m */,
				229AD8281B5E9A0A00EDF5FE /* ANOperationQueue.h */,
				229AD8291B5E9A0A00EDF5FE /* ANOperationQueue.m */,
			);
			name = Connection;
			sourceTree = "<group>";
		};
		227E526B1B6A21E7004A9696 /* Serialization */ = {
			isa = PBXGroup;
			children = (
				227E52631B6A1F30004A9696 /* ANRequestSerializer.h */,
				227E52641B6A1F30004A9696 /* ANRequestSerializer.m */,
				227E52661B6A20CC004A9696 /* ANResponseSerializer.h */,
				227E52671B6A20CC004A9696 /* ANResponseSerializer.m */,
			);
			name = Serialization;
			sourceTree = "<group>";
		};
		227E526C1B6B01D5004A9696 /* protobuf */ = {
			isa = PBXGroup;
			children = (
				227E526D1B6B021B004A9696 /* google */,
				227E52851B6B021B004A9696 /* GPBArray_PackagePrivate.h */,
				227E52861B6B021B004A9696 /* GPBArray.h */,
				227E52871B6B021B004A9696 /* GPBArray.m */,
				227E52881B6B021B004A9696 /* GPBBootstrap.h */,
				227E52891B6B021B004A9696 /* GPBCodedInputStream_PackagePrivate.h */,
				227E528A1B6B021B004A9696 /* GPBCodedInputStream.h */,
				227E528B1B6B021B004A9696 /* GPBCodedInputStream.m */,
				227E528C1B6B021B004A9696 /* GPBCodedOutputStream.h */,
				227E528D1B6B021B004A9696 /* GPBCodedOutputStream.m */,
				227E528E1B6B021B004A9696 /* GPBDescriptor_PackagePrivate.h */,
				227E528F1B6B021B004A9696 /* GPBDescriptor.h */,
				227E52901B6B021B004A9696 /* GPBDescriptor.m */,
				227E52911B6B021B004A9696 /* GPBDictionary_PackagePrivate.h */,
				227E52921B6B021B004A9696 /* GPBDictionary.h */,
				227E52931B6B021B004A9696 /* GPBDictionary.m */,
				227E52941B6B021B004A9696 /* GPBExtensionInternals.h */,
				227E52951B6B021B004A9696 /* GPBExtensionInternals.m */,
				227E52961B6B021B004A9696 /* GPBExtensionRegistry.h */,
				227E52971B6B021B004A9696 /* GPBExtensionRegistry.m */,
				227E52981B6B021B004A9696 /* GPBMessage_PackagePrivate.h */,
				227E52991B6B021B004A9696 /* GPBMessage.h */,
				227E529A1B6B021B004A9696 /* GPBMessage.m */,
				227E529B1B6B021B004A9696 /* GPBProtocolBuffers_RuntimeSupport.h */,
				227E529C1B6B021B004A9696 /* GPBProtocolBuffers.h */,
				227E529D1B6B021B004A9696 /* GPBRootObject_PackagePrivate.h */,
				227E529E1B6B021B004A9696 /* GPBRootObject.h */,
				227E529F1B6B021B004A9696 /* GPBRootObject.m */,
				227E52A01B6B021B004A9696 /* GPBRuntimeTypes.h */,
				227E52A11B6B021B004A9696 /* GPBUnknownField_PackagePrivate.h */,
				227E52A21B6B021B004A9696 /* GPBUnknownField.h */,
				227E52A31B6B021B004A9696 /* GPBUnknownField.m */,
				227E52A41B6B021B004A9696 /* GPBUnknownFieldSet_PackagePrivate.h */,
				227E52A51B6B021B004A9696 /* GPBUnknownFieldSet.h */,
				227E52A61B6B021B004A9696 /* GPBUnknownFieldSet.m */,
				227E52A71B6B021B004A9696 /* GPBUtilities_PackagePrivate.h */,
				227E52A81B6B021B004A9696 /* GPBUtilities.h */,
				227E52A91B6B021B004A9696 /* GPBUtilities.m */,
				227E52AA1B6B021B004A9696 /* GPBWellKnownTypes.h */,
				227E52AB1B6B021B004A9696 /* GPBWellKnownTypes.m */,
				227E52AC1B6B021B004A9696 /* GPBWireFormat.h */,
				227E52AD1B6B021B004A9696 /* GPBWireFormat.m */,
			);
			name = protobuf;
			sourceTree = "<group>";
		};
		227E526D1B6B021B004A9696 /* google */ = {
			isa = PBXGroup;
			children = (
				227E526E1B6B021B004A9696 /* protobuf */,
			);
			path = google;
			sourceTree = "<group>";
		};
		227E526E1B6B021B004A9696 /* protobuf */ = {
			isa = PBXGroup;
			children = (
				227E526F1B6B021B004A9696 /* Any.pbobjc.h */,
				227E52701B6B021B004A9696 /* Any.pbobjc.m */,
				227E52711B6B021B004A9696 /* Api.pbobjc.h */,
				227E52721B6B021B004A9696 /* Api.pbobjc.m */,
				227E52731B6B021B004A9696 /* Descriptor.pbobjc.h */,
				227E52741B6B021B004A9696 /* Descriptor.pbobjc.m */,
				227E52751B6B021B004A9696 /* Duration.pbobjc.h */,
				227E52761B6B021B004A9696 /* Duration.pbobjc.m */,
				227E52771B6B021B004A9696 /* Empty.pbobjc.h */,
				227E52781B6B021B004A9696 /* Empty.pbobjc.m */,
				227E52791B6B021B004A9696 /* FieldMask.pbobjc.h */,
				227E527A1B6B021B004A9696 /* FieldMask.pbobjc.m */,
				227E527B1B6B021B004A9696 /* SourceContext.pbobjc.h */,
				227E527C1B6B021B004A9696 /* SourceContext.pbobjc.m */,
				227E527D1B6B021B004A9696 /* Struct.pbobjc.h */,
				227E527E1B6B021B004A9696 /* Struct.pbobjc.m */,
				227E527F1B6B021B004A9696 /* Timestamp.pbobjc.h */,
				227E52801B6B021B004A9696 /* Timestamp.pbobjc.m */,
				227E52811B6B021B004A9696 /* Type.pbobjc.h */,
				227E52821B6B021B004A9696 /* Type.pbobjc.m */,
				227E52831B6B021B004A9696 /* Wrappers.pbobjc.h */,
				227E52841B6B021B004A9696 /* Wrappers.pbobjc.m */,
			);
			path = protobuf;
			sourceTree = "<group>";
		};
		229AD81D1B5E41FF00EDF5FE /* awesome-networking */ = {
			isa = PBXGroup;
			children = (
				227E52D41B6BD485004A9696 /* Antest.pbobjc.h */,
				227E52D51B6BD485004A9696 /* Antest.pbobjc.m */,
				227E52D21B6BD43C004A9696 /* ANTest.proto */,
				229AD8241B5E42BF00EDF5FE /* ANHeader.h */,
				227E526B1B6A21E7004A9696 /* Serialization */,
				227E526A1B6A21D2004A9696 /* Connection */,
				227E52691B6A21BD004A9696 /* CustomCategory */,
			);
			name = "awesome-networking";
			sourceTree = "<group>";
		};
		606AF118850BDF187FCDD246 /* Pods */ = {
			isa = PBXGroup;
			children = (
				0D4DE76D830506C0833690E8 /* Pods-awesome-networking.debug.xcconfig */,
				0DD646154174C53ECAE8C5DF /* Pods-awesome-networking.release.xcconfig */,
			);
			name = Pods;
			sourceTree = "<group>";
		};
		D189949ECD88D8104AE22FA2 /* Frameworks */ = {
			isa = PBXGroup;
			children = (
				B66BC46537D32016A698506B /* libPods-awesome-networking.a */,
			);
			name = Frameworks;
			sourceTree = "<group>";
		};
/* End PBXGroup section */

/* Begin PBXNativeTarget section */
		227DF23F1B5E0BE600DC3D59 /* awesome-networking */ = {
			isa = PBXNativeTarget;
			buildConfigurationList = 227DF2631B5E0BE700DC3D59 /* Build configuration list for PBXNativeTarget "awesome-networking" */;
			buildPhases = (
				332999F91B1B0C9506E454B9 /* Check Pods Manifest.lock */,
				227DF23C1B5E0BE600DC3D59 /* Sources */,
				227DF23D1B5E0BE600DC3D59 /* Frameworks */,
				227DF23E1B5E0BE600DC3D59 /* Resources */,
				03D0282B91AAA24DED3A1B99 /* Copy Pods Resources */,
			);
			buildRules = (
			);
			dependencies = (
			);
			name = "awesome-networking";
			productName = "awesome-networking";
			productReference = 227DF2401B5E0BE600DC3D59 /* awesome-networking.app */;
			productType = "com.apple.product-type.application";
		};
		227DF2581B5E0BE700DC3D59 /* awesome-networkingTests */ = {
			isa = PBXNativeTarget;
			buildConfigurationList = 227DF2661B5E0BE700DC3D59 /* Build configuration list for PBXNativeTarget "awesome-networkingTests" */;
			buildPhases = (
				227DF2551B5E0BE700DC3D59 /* Sources */,
				227DF2561B5E0BE700DC3D59 /* Frameworks */,
				227DF2571B5E0BE700DC3D59 /* Resources */,
			);
			buildRules = (
			);
			dependencies = (
				227DF25B1B5E0BE700DC3D59 /* PBXTargetDependency */,
			);
			name = "awesome-networkingTests";
			productName = "awesome-networkingTests";
			productReference = 227DF2591B5E0BE700DC3D59 /* awesome-networkingTests.xctest */;
			productType = "com.apple.product-type.bundle.unit-test";
		};
/* End PBXNativeTarget section */

/* Begin PBXProject section */
		227DF2381B5E0BE600DC3D59 /* Project object */ = {
			isa = PBXProject;
			attributes = {
				LastUpgradeCheck = 0630;
				ORGANIZATIONNAME = "chen Yuheng";
				TargetAttributes = {
					227DF23F1B5E0BE600DC3D59 = {
						CreatedOnToolsVersion = 6.3;
					};
					227DF2581B5E0BE700DC3D59 = {
						CreatedOnToolsVersion = 6.3;
						TestTargetID = 227DF23F1B5E0BE600DC3D59;
					};
				};
			};
			buildConfigurationList = 227DF23B1B5E0BE600DC3D59 /* Build configuration list for PBXProject "awesome-networking" */;
			compatibilityVersion = "Xcode 3.2";
			developmentRegion = English;
			hasScannedForEncodings = 0;
			knownRegions = (
				en,
				Base,
			);
			mainGroup = 227DF2371B5E0BE600DC3D59;
			productRefGroup = 227DF2411B5E0BE600DC3D59 /* Products */;
			projectDirPath = "";
			projectRoot = "";
			targets = (
				227DF23F1B5E0BE600DC3D59 /* awesome-networking */,
				227DF2581B5E0BE700DC3D59 /* awesome-networkingTests */,
			);
		};
/* End PBXProject section */

/* Begin PBXResourcesBuildPhase section */
		227DF23E1B5E0BE600DC3D59 /* Resources */ = {
			isa = PBXResourcesBuildPhase;
			buildActionMask = 2147483647;
			files = (
				227DF24F1B5E0BE700DC3D59 /* Main.storyboard in Resources */,
				227E52D31B6BD43C004A9696 /* ANTest.proto in Resources */,
				227DF2541B5E0BE700DC3D59 /* LaunchScreen.xib in Resources */,
				227DF2511B5E0BE700DC3D59 /* Images.xcassets in Resources */,
			);
			runOnlyForDeploymentPostprocessing = 0;
		};
		227DF2571B5E0BE700DC3D59 /* Resources */ = {
			isa = PBXResourcesBuildPhase;
			buildActionMask = 2147483647;
			files = (
			);
			runOnlyForDeploymentPostprocessing = 0;
		};
/* End PBXResourcesBuildPhase section */

/* Begin PBXShellScriptBuildPhase section */
		03D0282B91AAA24DED3A1B99 /* Copy Pods Resources */ = {
			isa = PBXShellScriptBuildPhase;
			buildActionMask = 2147483647;
			files = (
			);
			inputPaths = (
			);
			name = "Copy Pods Resources";
			outputPaths = (
			);
			runOnlyForDeploymentPostprocessing = 0;
			shellPath = /bin/sh;
			shellScript = "\"${SRCROOT}/Pods/Target Support Files/Pods-awesome-networking/Pods-awesome-networking-resources.sh\"\n";
			showEnvVarsInLog = 0;
		};
		332999F91B1B0C9506E454B9 /* Check Pods Manifest.lock */ = {
			isa = PBXShellScriptBuildPhase;
			buildActionMask = 2147483647;
			files = (
			);
			inputPaths = (
			);
			name = "Check Pods Manifest.lock";
			outputPaths = (
			);
			runOnlyForDeploymentPostprocessing = 0;
			shellPath = /bin/sh;
			shellScript = "diff \"${PODS_ROOT}/../Podfile.lock\" \"${PODS_ROOT}/Manifest.lock\" > /dev/null\nif [[ $? != 0 ]] ; then\n    cat << EOM\nerror: The sandbox is not in sync with the Podfile.lock. Run 'pod install' or update your CocoaPods installation.\nEOM\n    exit 1\nfi\n";
			showEnvVarsInLog = 0;
		};
/* End PBXShellScriptBuildPhase section */

/* Begin PBXSourcesBuildPhase section */
		227DF23C1B5E0BE600DC3D59 /* Sources */ = {
			isa = PBXSourcesBuildPhase;
			buildActionMask = 2147483647;
			files = (
				227E52B11B6B021B004A9696 /* Duration.pbobjc.m in Sources */,
				227E52AE1B6B021B004A9696 /* Any.pbobjc.m in Sources */,
				227E52B01B6B021B004A9696 /* Descriptor.pbobjc.m in Sources */,
				229AD8301B63359600EDF5FE /* ANManager+test.m in Sources */,
				229AD8271B5E430800EDF5FE /* ANOperation.m in Sources */,
				227E52C51B6B021B004A9696 /* GPBWellKnownTypes.m in Sources */,
				227E52BA1B6B021B004A9696 /* GPBCodedInputStream.m in Sources */,
				227E52BB1B6B021B004A9696 /* GPBCodedOutputStream.m in Sources */,
				227E52B81B6B021B004A9696 /* Wrappers.pbobjc.m in Sources */,
				227E52C31B6B021B004A9696 /* GPBUnknownFieldSet.m in Sources */,
				227E52C41B6B021B004A9696 /* GPBUtilities.m in Sources */,
				227E52D61B6BD485004A9696 /* Antest.pbobjc.m in Sources */,
				227E52B51B6B021B004A9696 /* Struct.pbobjc.m in Sources */,
				229AD8231B5E42A800EDF5FE /* ANRequest.m in Sources */,
				227E52681B6A20CC004A9696 /* ANResponseSerializer.m in Sources */,
				229AD8201B5E427B00EDF5FE /* ANManager.m in Sources */,
				227E52C01B6B021B004A9696 /* GPBMessage.m in Sources */,
				227E52B21B6B021B004A9696 /* Empty.pbobjc.m in Sources */,
				227E52B91B6B021B004A9696 /* GPBArray.m in Sources */,
				227DF24C1B5E0BE700DC3D59 /* ViewController.m in Sources */,
				227E52AF1B6B021B004A9696 /* Api.pbobjc.m in Sources */,
				227E52BF1B6B021B004A9696 /* GPBExtensionRegistry.m in Sources */,
				227E52C61B6B021B004A9696 /* GPBWireFormat.m in Sources */,
				227E52B31B6B021B004A9696 /* FieldMask.pbobjc.m in Sources */,
				227E52BC1B6B021B004A9696 /* GPBDescriptor.m in Sources */,
				227E52C11B6B021B004A9696 /* GPBRootObject.m in Sources */,
				227E52B41B6B021B004A9696 /* SourceContext.pbobjc.m in Sources */,
				227E52C21B6B021B004A9696 /* GPBUnknownField.m in Sources */,
				227DF2491B5E0BE700DC3D59 /* AppDelegate.m in Sources */,
				229AD82A1B5E9A0A00EDF5FE /* ANOperationQueue.m in Sources */,
				227E52BD1B6B021B004A9696 /* GPBDictionary.m in Sources */,
				227E52B71B6B021B004A9696 /* Type.pbobjc.m in Sources */,
				227DF2461B5E0BE600DC3D59 /* main.m in Sources */,
				227E52651B6A1F30004A9696 /* ANRequestSerializer.m in Sources */,
				227E52B61B6B021B004A9696 /* Timestamp.pbobjc.m in Sources */,
				227E52BE1B6B021B004A9696 /* GPBExtensionInternals.m in Sources */,
			);
			runOnlyForDeploymentPostprocessing = 0;
		};
		227DF2551B5E0BE700DC3D59 /* Sources */ = {
			isa = PBXSourcesBuildPhase;
			buildActionMask = 2147483647;
			files = (
				227DF2601B5E0BE700DC3D59 /* awesome_networkingTests.m in Sources */,
			);
			runOnlyForDeploymentPostprocessing = 0;
		};
/* End PBXSourcesBuildPhase section */

/* Begin PBXTargetDependency section */
		227DF25B1B5E0BE700DC3D59 /* PBXTargetDependency */ = {
			isa = PBXTargetDependency;
			target = 227DF23F1B5E0BE600DC3D59 /* awesome-networking */;
			targetProxy = 227DF25A1B5E0BE700DC3D59 /* PBXContainerItemProxy */;
		};
/* End PBXTargetDependency section */

/* Begin PBXVariantGroup section */
		227DF24D1B5E0BE700DC3D59 /* Main.storyboard */ = {
			isa = PBXVariantGroup;
			children = (
				227DF24E1B5E0BE700DC3D59 /* Base */,
			);
			name = Main.storyboard;
			sourceTree = "<group>";
		};
		227DF2521B5E0BE700DC3D59 /* LaunchScreen.xib */ = {
			isa = PBXVariantGroup;
			children = (
				227DF2531B5E0BE700DC3D59 /* Base */,
			);
			name = LaunchScreen.xib;
			sourceTree = "<group>";
		};
/* End PBXVariantGroup section */

/* Begin XCBuildConfiguration section */
		227DF2611B5E0BE700DC3D59 /* Debug */ = {
			isa = XCBuildConfiguration;
			buildSettings = {
				ALWAYS_SEARCH_USER_PATHS = NO;
				CLANG_CXX_LANGUAGE_STANDARD = "gnu++0x";
				CLANG_CXX_LIBRARY = "libc++";
				CLANG_ENABLE_MODULES = YES;
				CLANG_ENABLE_OBJC_ARC = YES;
				CLANG_WARN_BOOL_CONVERSION = YES;
				CLANG_WARN_CONSTANT_CONVERSION = YES;
				CLANG_WARN_DIRECT_OBJC_ISA_USAGE = YES_ERROR;
				CLANG_WARN_EMPTY_BODY = YES;
				CLANG_WARN_ENUM_CONVERSION = YES;
				CLANG_WARN_INT_CONVERSION = YES;
				CLANG_WARN_OBJC_ROOT_CLASS = YES_ERROR;
				CLANG_WARN_UNREACHABLE_CODE = YES;
				CLANG_WARN__DUPLICATE_METHOD_MATCH = YES;
				"CODE_SIGN_IDENTITY[sdk=iphoneos*]" = "iPhone Developer";
				COPY_PHASE_STRIP = NO;
				DEBUG_INFORMATION_FORMAT = "dwarf-with-dsym";
				ENABLE_STRICT_OBJC_MSGSEND = YES;
				GCC_C_LANGUAGE_STANDARD = gnu99;
				GCC_DYNAMIC_NO_PIC = NO;
				GCC_NO_COMMON_BLOCKS = YES;
				GCC_OPTIMIZATION_LEVEL = 0;
				GCC_PREPROCESSOR_DEFINITIONS = (
					"DEBUG=1",
					"$(inherited)",
				);
				GCC_SYMBOLS_PRIVATE_EXTERN = NO;
				GCC_WARN_64_TO_32_BIT_CONVERSION = YES;
				GCC_WARN_ABOUT_RETURN_TYPE = YES_ERROR;
				GCC_WARN_UNDECLARED_SELECTOR = YES;
				GCC_WARN_UNINITIALIZED_AUTOS = YES_AGGRESSIVE;
				GCC_WARN_UNUSED_FUNCTION = YES;
				GCC_WARN_UNUSED_VARIABLE = YES;
				IPHONEOS_DEPLOYMENT_TARGET = 8.3;
				MTL_ENABLE_DEBUG_INFO = YES;
				ONLY_ACTIVE_ARCH = YES;
				SDKROOT = iphoneos;
			};
			name = Debug;
		};
		227DF2621B5E0BE700DC3D59 /* Release */ = {
			isa = XCBuildConfiguration;
			buildSettings = {
				ALWAYS_SEARCH_USER_PATHS = NO;
				CLANG_CXX_LANGUAGE_STANDARD = "gnu++0x";
				CLANG_CXX_LIBRARY = "libc++";
				CLANG_ENABLE_MODULES = YES;
				CLANG_ENABLE_OBJC_ARC = YES;
				CLANG_WARN_BOOL_CONVERSION = YES;
				CLANG_WARN_CONSTANT_CONVERSION = YES;
				CLANG_WARN_DIRECT_OBJC_ISA_USAGE = YES_ERROR;
				CLANG_WARN_EMPTY_BODY = YES;
				CLANG_WARN_ENUM_CONVERSION = YES;
				CLANG_WARN_INT_CONVERSION = YES;
				CLANG_WARN_OBJC_ROOT_CLASS = YES_ERROR;
				CLANG_WARN_UNREACHABLE_CODE = YES;
				CLANG_WARN__DUPLICATE_METHOD_MATCH = YES;
				"CODE_SIGN_IDENTITY[sdk=iphoneos*]" = "iPhone Developer";
				COPY_PHASE_STRIP = NO;
				DEBUG_INFORMATION_FORMAT = "dwarf-with-dsym";
				ENABLE_NS_ASSERTIONS = NO;
				ENABLE_STRICT_OBJC_MSGSEND = YES;
				GCC_C_LANGUAGE_STANDARD = gnu99;
				GCC_NO_COMMON_BLOCKS = YES;
				GCC_WARN_64_TO_32_BIT_CONVERSION = YES;
				GCC_WARN_ABOUT_RETURN_TYPE = YES_ERROR;
				GCC_WARN_UNDECLARED_SELECTOR = YES;
				GCC_WARN_UNINITIALIZED_AUTOS = YES_AGGRESSIVE;
				GCC_WARN_UNUSED_FUNCTION = YES;
				GCC_WARN_UNUSED_VARIABLE = YES;
				IPHONEOS_DEPLOYMENT_TARGET = 8.3;
				MTL_ENABLE_DEBUG_INFO = NO;
				SDKROOT = iphoneos;
				VALIDATE_PRODUCT = YES;
			};
			name = Release;
		};
		227DF2641B5E0BE700DC3D59 /* Debug */ = {
			isa = XCBuildConfiguration;
			baseConfigurationReference = 0D4DE76D830506C0833690E8 /* Pods-awesome-networking.debug.xcconfig */;
			buildSettings = {
				ASSETCATALOG_COMPILER_APPICON_NAME = AppIcon;
				HEADER_SEARCH_PATHS = (
					"\"${PODS_ROOT}/Headers/Public\"",
					"\"${PODS_ROOT}/Headers/Public/AFNetworking\"",
					"\"$(SRCROOT)/awesome-networking",
				);
				INFOPLIST_FILE = "awesome-networking/Info.plist";
				IPHONEOS_DEPLOYMENT_TARGET = 7.0;
				LD_RUNPATH_SEARCH_PATHS = "$(inherited) @executable_path/Frameworks";
				PRODUCT_NAME = "$(TARGET_NAME)";
			};
			name = Debug;
		};
		227DF2651B5E0BE700DC3D59 /* Release */ = {
			isa = XCBuildConfiguration;
			baseConfigurationReference = 0DD646154174C53ECAE8C5DF /* Pods-awesome-networking.release.xcconfig */;
			buildSettings = {
				ASSETCATALOG_COMPILER_APPICON_NAME = AppIcon;
				HEADER_SEARCH_PATHS = (
					"\"${PODS_ROOT}/Headers/Public\"",
					"\"${PODS_ROOT}/Headers/Public/AFNetworking\"",
					"\"$(SRCROOT)/awesome-networking",
				);
				INFOPLIST_FILE = "awesome-networking/Info.plist";
				IPHONEOS_DEPLOYMENT_TARGET = 7.0;
				LD_RUNPATH_SEARCH_PATHS = "$(inherited) @executable_path/Frameworks";
				PRODUCT_NAME = "$(TARGET_NAME)";
			};
			name = Release;
		};
		227DF2671B5E0BE700DC3D59 /* Debug */ = {
			isa = XCBuildConfiguration;
			buildSettings = {
				BUNDLE_LOADER = "$(TEST_HOST)";
				FRAMEWORK_SEARCH_PATHS = (
					"$(SDKROOT)/Developer/Library/Frameworks",
					"$(inherited)",
				);
				GCC_PREPROCESSOR_DEFINITIONS = (
					"DEBUG=1",
					"$(inherited)",
				);
				INFOPLIST_FILE = "awesome-networkingTests/Info.plist";
				LD_RUNPATH_SEARCH_PATHS = "$(inherited) @executable_path/Frameworks @loader_path/Frameworks";
				PRODUCT_NAME = "$(TARGET_NAME)";
				TEST_HOST = "$(BUILT_PRODUCTS_DIR)/awesome-networking.app/awesome-networking";
			};
			name = Debug;
		};
		227DF2681B5E0BE700DC3D59 /* Release */ = {
			isa = XCBuildConfiguration;
			buildSettings = {
				BUNDLE_LOADER = "$(TEST_HOST)";
				FRAMEWORK_SEARCH_PATHS = (
					"$(SDKROOT)/Developer/Library/Frameworks",
					"$(inherited)",
				);
				INFOPLIST_FILE = "awesome-networkingTests/Info.plist";
				LD_RUNPATH_SEARCH_PATHS = "$(inherited) @executable_path/Frameworks @loader_path/Frameworks";
				PRODUCT_NAME = "$(TARGET_NAME)";
				TEST_HOST = "$(BUILT_PRODUCTS_DIR)/awesome-networking.app/awesome-networking";
			};
			name = Release;
		};
/* End XCBuildConfiguration section */

/* Begin XCConfigurationList section */
		227DF23B1B5E0BE600DC3D59 /* Build configuration list for PBXProject "awesome-networking" */ = {
			isa = XCConfigurationList;
			buildConfigurations = (
				227DF2611B5E0BE700DC3D59 /* Debug */,
				227DF2621B5E0BE700DC3D59 /* Release */,
			);
			defaultConfigurationIsVisible = 0;
			defaultConfigurationName = Release;
		};
		227DF2631B5E0BE700DC3D59 /* Build configuration list for PBXNativeTarget "awesome-networking" */ = {
			isa = XCConfigurationList;
			buildConfigurations = (
				227DF2641B5E0BE700DC3D59 /* Debug */,
				227DF2651B5E0BE700DC3D59 /* Release */,
			);
			defaultConfigurationIsVisible = 0;
			defaultConfigurationName = Release;
		};
		227DF2661B5E0BE700DC3D59 /* Build configuration list for PBXNativeTarget "awesome-networkingTests" */ = {
			isa = XCConfigurationList;
			buildConfigurations = (
				227DF2671B5E0BE700DC3D59 /* Debug */,
				227DF2681B5E0BE700DC3D59 /* Release */,
			);
			defaultConfigurationIsVisible = 0;
			defaultConfigurationName = Release;
		};
/* End XCConfigurationList section */
	};
	rootObject = 227DF2381B5E0BE600DC3D59 /* Project object */;
}
